{
    "_meta": {
        "hash": {
            "sha256": "4ddcba9b0da5f6c43b0ac6a99ded15c740c6eafc70e0b3ae52d8a4683528bf99"
        },
        "requires": {
            "python_full_version": "3.6.1",
            "python_version": "3.6"
        },
        "sources": [
            {
                "url": "https://pypi.python.org/simple",
                "verify_ssl": true
            }
        ]
    },
    "default": {
        "click": {
            "version": "==6.7"
        },
        "flask": {
            "version": "==0.12.2"
        },
        "gevent": {
            "version": "==1.2.2"
        },
        "greenlet": {
            "version": "==0.4.12"
        },
        "gunicorn": {
            "version": "==19.7.1"
        },
        "itsdangerous": {
            "version": "==0.24"
        },
        "jinja2": {
            "version": "==2.9.6"
        },
        "markupsafe": {
            "version": "==1.0"
        },
        "numpy": {
            "version": "==1.13.1"
        },
        "pandas": {
            "version": "==0.20.3"
        },
        "pymongo": {
            "version": "==3.4.0"
        },
        "python-dateutil": {
            "version": "==2.6.1"
        },
        "pytz": {
            "version": "==2017.2"
        },
        "scikit-learn": {
            "version": "==0.18.2"
        },
        "scipy": {
            "version": "==0.19.1"
        },
        "six": {
            "version": "==1.10.0"
        },
        "werkzeug": {
            "version": "==0.12.2"
        }
    },
    "develop": {}
}
